// !$*UTF8*$!
{
	archiveVersion = 1;
	classes = {
	};
	objectVersion = 56;
	objects = {

/* Begin PBXBuildFile section */
		840EA86F2B4C41C100958B35 /* SwitchToAnotherTaskViewMock.swift in Sources */ = {isa = PBXBuildFile; fileRef = 840EA86B2B4C41C100958B35 /* SwitchToAnotherTaskViewMock.swift */; };
		840EA8702B4C41C100958B35 /* SwitchToAnotherTaskView.swift in Sources */ = {isa = PBXBuildFile; fileRef = 840EA86C2B4C41C100958B35 /* SwitchToAnotherTaskView.swift */; };
		840EA8712B4C41C100958B35 /* SwitchToAnotherTaskFeature.swift in Sources */ = {isa = PBXBuildFile; fileRef = 840EA86D2B4C41C100958B35 /* SwitchToAnotherTaskFeature.swift */; };
		840EA8722B4C41C100958B35 /* SwitchToAnotherTaskFeatureMock.swift in Sources */ = {isa = PBXBuildFile; fileRef = 840EA86E2B4C41C100958B35 /* SwitchToAnotherTaskFeatureMock.swift */; };
		841D8F402AF0CAC700DED04C /* AppStore.swift in Sources */ = {isa = PBXBuildFile; fileRef = 841D8F3F2AF0CAC700DED04C /* AppStore.swift */; };
		8448E19F2AEA23E000337070 /* CredentialsListViewMock.swift in Sources */ = {isa = PBXBuildFile; fileRef = 8448E19C2AEA23E000337070 /* CredentialsListViewMock.swift */; };
		8448E1A02AEA23E000337070 /* CredentialsListFeature.swift in Sources */ = {isa = PBXBuildFile; fileRef = 8448E19D2AEA23E000337070 /* CredentialsListFeature.swift */; };
		8448E1A12AEA23E000337070 /* CredentialsListFeatureMock.swift in Sources */ = {isa = PBXBuildFile; fileRef = 8448E19E2AEA23E000337070 /* CredentialsListFeatureMock.swift */; };
		8448E1A62AEA291E00337070 /* Helpers.swift in Sources */ = {isa = PBXBuildFile; fileRef = 8448E1A52AEA291E00337070 /* Helpers.swift */; };
		8448E1A82AEA3DBE00337070 /* TextFieldClearButtonModifier.swift in Sources */ = {isa = PBXBuildFile; fileRef = 8448E1A72AEA3DBE00337070 /* TextFieldClearButtonModifier.swift */; };
		8449A37F2B4C22AE0026C9EB /* PRViewMock.swift in Sources */ = {isa = PBXBuildFile; fileRef = 8449A37B2B4C22AE0026C9EB /* PRViewMock.swift */; };
		8449A3802B4C22AE0026C9EB /* PRView.swift in Sources */ = {isa = PBXBuildFile; fileRef = 8449A37C2B4C22AE0026C9EB /* PRView.swift */; };
		8449A3812B4C22AE0026C9EB /* PRFeature.swift in Sources */ = {isa = PBXBuildFile; fileRef = 8449A37D2B4C22AE0026C9EB /* PRFeature.swift */; };
		8449A3822B4C22AE0026C9EB /* PRFeatureMock.swift in Sources */ = {isa = PBXBuildFile; fileRef = 8449A37E2B4C22AE0026C9EB /* PRFeatureMock.swift */; };
		8463B2972AD80D7000506657 /* CopyPasteMenuBarApp.swift in Sources */ = {isa = PBXBuildFile; fileRef = 8463B2962AD80D7000506657 /* CopyPasteMenuBarApp.swift */; };
		8463B2992AD80D7000506657 /* ContentView.swift in Sources */ = {isa = PBXBuildFile; fileRef = 8463B2982AD80D7000506657 /* ContentView.swift */; };
		8463B29D2AD80D7100506657 /* Assets.xcassets in Resources */ = {isa = PBXBuildFile; fileRef = 8463B29C2AD80D7100506657 /* Assets.xcassets */; };
		8463B2A02AD80D7100506657 /* Preview Assets.xcassets in Resources */ = {isa = PBXBuildFile; fileRef = 8463B29F2AD80D7100506657 /* Preview Assets.xcassets */; };
		84C10A092AE77F8B00318D3D /* CredentialsListView.swift in Sources */ = {isa = PBXBuildFile; fileRef = 84C10A082AE77F8B00318D3D /* CredentialsListView.swift */; };
		84C773202AF21C9C0034C498 /* GitBranchNameViewMock.swift in Sources */ = {isa = PBXBuildFile; fileRef = 84C7731C2AF21C9C0034C498 /* GitBranchNameViewMock.swift */; };
		84C773212AF21C9C0034C498 /* GitBranchNameView.swift in Sources */ = {isa = PBXBuildFile; fileRef = 84C7731D2AF21C9C0034C498 /* GitBranchNameView.swift */; };
		84C773222AF21C9C0034C498 /* GitBranchNameFeature.swift in Sources */ = {isa = PBXBuildFile; fileRef = 84C7731E2AF21C9C0034C498 /* GitBranchNameFeature.swift */; };
		84C773232AF21C9C0034C498 /* GitBranchNameFeatureMock.swift in Sources */ = {isa = PBXBuildFile; fileRef = 84C7731F2AF21C9C0034C498 /* GitBranchNameFeatureMock.swift */; };
		84C773252AF21D5B0034C498 /* GitBranchType.swift in Sources */ = {isa = PBXBuildFile; fileRef = 84C773242AF21D5B0034C498 /* GitBranchType.swift */; };
		84EDC3D32AE0EC0B00463365 /* ComposableArchitecture in Frameworks */ = {isa = PBXBuildFile; productRef = 84EDC3D22AE0EC0B00463365 /* ComposableArchitecture */; };
		84EDC3D62AE0F09C00463365 /* AppDelegate.swift in Sources */ = {isa = PBXBuildFile; fileRef = 84EDC3D52AE0F09C00463365 /* AppDelegate.swift */; };
		84EDC3D82AE0FD0400463365 /* TaskNumberListFeature.swift in Sources */ = {isa = PBXBuildFile; fileRef = 84EDC3D72AE0FD0400463365 /* TaskNumberListFeature.swift */; };
		84EDC3DB2AE14FB600463365 /* TaskNumberListView.swift in Sources */ = {isa = PBXBuildFile; fileRef = 84EDC3DA2AE14FB600463365 /* TaskNumberListView.swift */; };
		84EDC3DE2AE154AE00463365 /* AddTaskNumberView.swift in Sources */ = {isa = PBXBuildFile; fileRef = 84EDC3DD2AE154AE00463365 /* AddTaskNumberView.swift */; };
		84EDC3E32AE156EE00463365 /* CopyTaskNumberView.swift in Sources */ = {isa = PBXBuildFile; fileRef = 84EDC3E22AE156EE00463365 /* CopyTaskNumberView.swift */; };
/* End PBXBuildFile section */

/* Begin PBXFileReference section */
		840EA86B2B4C41C100958B35 /* SwitchToAnotherTaskViewMock.swift */ = {isa = PBXFileReference; lastKnownFileType = sourcecode.swift; path = SwitchToAnotherTaskViewMock.swift; sourceTree = "<group>"; };
		840EA86C2B4C41C100958B35 /* SwitchToAnotherTaskView.swift */ = {isa = PBXFileReference; lastKnownFileType = sourcecode.swift; path = SwitchToAnotherTaskView.swift; sourceTree = "<group>"; };
		840EA86D2B4C41C100958B35 /* SwitchToAnotherTaskFeature.swift */ = {isa = PBXFileReference; lastKnownFileType = sourcecode.swift; path = SwitchToAnotherTaskFeature.swift; sourceTree = "<group>"; };
		840EA86E2B4C41C100958B35 /* SwitchToAnotherTaskFeatureMock.swift */ = {isa = PBXFileReference; lastKnownFileType = sourcecode.swift; path = SwitchToAnotherTaskFeatureMock.swift; sourceTree = "<group>"; };
		841D8F3F2AF0CAC700DED04C /* AppStore.swift */ = {isa = PBXFileReference; lastKnownFileType = sourcecode.swift; path = AppStore.swift; sourceTree = "<group>"; };
		8448E19C2AEA23E000337070 /* CredentialsListViewMock.swift */ = {isa = PBXFileReference; lastKnownFileType = sourcecode.swift; path = CredentialsListViewMock.swift; sourceTree = "<group>"; };
		8448E19D2AEA23E000337070 /* CredentialsListFeature.swift */ = {isa = PBXFileReference; lastKnownFileType = sourcecode.swift; path = CredentialsListFeature.swift; sourceTree = "<group>"; };
		8448E19E2AEA23E000337070 /* CredentialsListFeatureMock.swift */ = {isa = PBXFileReference; lastKnownFileType = sourcecode.swift; path = CredentialsListFeatureMock.swift; sourceTree = "<group>"; };
		8448E1A52AEA291E00337070 /* Helpers.swift */ = {isa = PBXFileReference; lastKnownFileType = sourcecode.swift; path = Helpers.swift; sourceTree = "<group>"; };
		8448E1A72AEA3DBE00337070 /* TextFieldClearButtonModifier.swift */ = {isa = PBXFileReference; lastKnownFileType = sourcecode.swift; path = TextFieldClearButtonModifier.swift; sourceTree = "<group>"; };
		8449A37B2B4C22AE0026C9EB /* PRViewMock.swift */ = {isa = PBXFileReference; lastKnownFileType = sourcecode.swift; path = PRViewMock.swift; sourceTree = "<group>"; };
		8449A37C2B4C22AE0026C9EB /* PRView.swift */ = {isa = PBXFileReference; lastKnownFileType = sourcecode.swift; path = PRView.swift; sourceTree = "<group>"; };
		8449A37D2B4C22AE0026C9EB /* PRFeature.swift */ = {isa = PBXFileReference; lastKnownFileType = sourcecode.swift; path = PRFeature.swift; sourceTree = "<group>"; };
		8449A37E2B4C22AE0026C9EB /* PRFeatureMock.swift */ = {isa = PBXFileReference; lastKnownFileType = sourcecode.swift; path = PRFeatureMock.swift; sourceTree = "<group>"; };
		8463B2932AD80D7000506657 /* CopyPasteMenuBar.app */ = {isa = PBXFileReference; explicitFileType = wrapper.application; includeInIndex = 0; path = CopyPasteMenuBar.app; sourceTree = BUILT_PRODUCTS_DIR; };
		8463B2962AD80D7000506657 /* CopyPasteMenuBarApp.swift */ = {isa = PBXFileReference; lastKnownFileType = sourcecode.swift; path = CopyPasteMenuBarApp.swift; sourceTree = "<group>"; };
		8463B2982AD80D7000506657 /* ContentView.swift */ = {isa = PBXFileReference; lastKnownFileType = sourcecode.swift; path = ContentView.swift; sourceTree = "<group>"; };
		8463B29C2AD80D7100506657 /* Assets.xcassets */ = {isa = PBXFileReference; lastKnownFileType = folder.assetcatalog; path = Assets.xcassets; sourceTree = "<group>"; };
		8463B29F2AD80D7100506657 /* Preview Assets.xcassets */ = {isa = PBXFileReference; lastKnownFileType = folder.assetcatalog; path = "Preview Assets.xcassets"; sourceTree = "<group>"; };
		8463B2A12AD80D7100506657 /* CopyPasteMenuBar.entitlements */ = {isa = PBXFileReference; lastKnownFileType = text.plist.entitlements; path = CopyPasteMenuBar.entitlements; sourceTree = "<group>"; };
		84C10A082AE77F8B00318D3D /* CredentialsListView.swift */ = {isa = PBXFileReference; lastKnownFileType = sourcecode.swift; path = CredentialsListView.swift; sourceTree = "<group>"; };
		84C7731C2AF21C9C0034C498 /* GitBranchNameViewMock.swift */ = {isa = PBXFileReference; lastKnownFileType = sourcecode.swift; path = GitBranchNameViewMock.swift; sourceTree = "<group>"; };
		84C7731D2AF21C9C0034C498 /* GitBranchNameView.swift */ = {isa = PBXFileReference; lastKnownFileType = sourcecode.swift; path = GitBranchNameView.swift; sourceTree = "<group>"; };
		84C7731E2AF21C9C0034C498 /* GitBranchNameFeature.swift */ = {isa = PBXFileReference; lastKnownFileType = sourcecode.swift; path = GitBranchNameFeature.swift; sourceTree = "<group>"; };
		84C7731F2AF21C9C0034C498 /* GitBranchNameFeatureMock.swift */ = {isa = PBXFileReference; lastKnownFileType = sourcecode.swift; path = GitBranchNameFeatureMock.swift; sourceTree = "<group>"; };
		84C773242AF21D5B0034C498 /* GitBranchType.swift */ = {isa = PBXFileReference; lastKnownFileType = sourcecode.swift; path = GitBranchType.swift; sourceTree = "<group>"; };
		84EDC3D52AE0F09C00463365 /* AppDelegate.swift */ = {isa = PBXFileReference; lastKnownFileType = sourcecode.swift; path = AppDelegate.swift; sourceTree = "<group>"; };
		84EDC3D72AE0FD0400463365 /* TaskNumberListFeature.swift */ = {isa = PBXFileReference; lastKnownFileType = sourcecode.swift; path = TaskNumberListFeature.swift; sourceTree = "<group>"; };
		84EDC3DA2AE14FB600463365 /* TaskNumberListView.swift */ = {isa = PBXFileReference; lastKnownFileType = sourcecode.swift; path = TaskNumberListView.swift; sourceTree = "<group>"; };
		84EDC3DD2AE154AE00463365 /* AddTaskNumberView.swift */ = {isa = PBXFileReference; lastKnownFileType = sourcecode.swift; path = AddTaskNumberView.swift; sourceTree = "<group>"; };
		84EDC3E22AE156EE00463365 /* CopyTaskNumberView.swift */ = {isa = PBXFileReference; lastKnownFileType = sourcecode.swift; path = CopyTaskNumberView.swift; sourceTree = "<group>"; };
/* End PBXFileReference section */

/* Begin PBXFrameworksBuildPhase section */
		8463B2902AD80D7000506657 /* Frameworks */ = {
			isa = PBXFrameworksBuildPhase;
			buildActionMask = 2147483647;
			files = (
				84EDC3D32AE0EC0B00463365 /* ComposableArchitecture in Frameworks */,
			);
			runOnlyForDeploymentPostprocessing = 0;
		};
/* End PBXFrameworksBuildPhase section */

/* Begin PBXGroup section */
		840EA8732B4C41C600958B35 /* SwitchToAnotherTask */ = {
			isa = PBXGroup;
			children = (
				840EA86B2B4C41C100958B35 /* SwitchToAnotherTaskViewMock.swift */,
				840EA86C2B4C41C100958B35 /* SwitchToAnotherTaskView.swift */,
				840EA86D2B4C41C100958B35 /* SwitchToAnotherTaskFeature.swift */,
				840EA86E2B4C41C100958B35 /* SwitchToAnotherTaskFeatureMock.swift */,
			);
			path = SwitchToAnotherTask;
			sourceTree = "<group>";
		};
		8448E1A42AEA291000337070 /* Core */ = {
			isa = PBXGroup;
			children = (
				8448E1A52AEA291E00337070 /* Helpers.swift */,
				8448E1A72AEA3DBE00337070 /* TextFieldClearButtonModifier.swift */,
				841D8F3F2AF0CAC700DED04C /* AppStore.swift */,
			);
			path = Core;
			sourceTree = "<group>";
		};
		8449A37A2B4C229C0026C9EB /* PR */ = {
			isa = PBXGroup;
			children = (
				8449A37B2B4C22AE0026C9EB /* PRViewMock.swift */,
				8449A37C2B4C22AE0026C9EB /* PRView.swift */,
				8449A37D2B4C22AE0026C9EB /* PRFeature.swift */,
				8449A37E2B4C22AE0026C9EB /* PRFeatureMock.swift */,
			);
			path = PR;
			sourceTree = "<group>";
		};
		8463B28A2AD80D7000506657 = {
			isa = PBXGroup;
			children = (
				8463B2952AD80D7000506657 /* CopyPasteMenuBar */,
				8463B2942AD80D7000506657 /* Products */,
			);
			sourceTree = "<group>";
		};
		8463B2942AD80D7000506657 /* Products */ = {
			isa = PBXGroup;
			children = (
				8463B2932AD80D7000506657 /* CopyPasteMenuBar.app */,
			);
			name = Products;
			sourceTree = "<group>";
		};
		8463B2952AD80D7000506657 /* CopyPasteMenuBar */ = {
			isa = PBXGroup;
			children = (
				840EA8732B4C41C600958B35 /* SwitchToAnotherTask */,
				8449A37A2B4C229C0026C9EB /* PR */,
				8448E1A42AEA291000337070 /* Core */,
				84C7731B2AF21C5A0034C498 /* GitBranchName */,
				84C10A072AE77F6300318D3D /* CredentialsList */,
				8477A0792AE62CE200C67000 /* TaskNumber */,
				8463B2962AD80D7000506657 /* CopyPasteMenuBarApp.swift */,
				8463B2982AD80D7000506657 /* ContentView.swift */,
				8463B29C2AD80D7100506657 /* Assets.xcassets */,
				8463B2A12AD80D7100506657 /* CopyPasteMenuBar.entitlements */,
				8463B29E2AD80D7100506657 /* Preview Content */,
				84EDC3D52AE0F09C00463365 /* AppDelegate.swift */,
			);
			path = CopyPasteMenuBar;
			sourceTree = "<group>";
		};
		8463B29E2AD80D7100506657 /* Preview Content */ = {
			isa = PBXGroup;
			children = (
				8463B29F2AD80D7100506657 /* Preview Assets.xcassets */,
			);
			path = "Preview Content";
			sourceTree = "<group>";
		};
		8477A0792AE62CE200C67000 /* TaskNumber */ = {
			isa = PBXGroup;
			children = (
				84EDC3DF2AE1569900463365 /* CopyTaskNumber */,
				84EDC3DC2AE154A800463365 /* AddTaskNumber */,
				84EDC3D92AE1024B00463365 /* TaskNumberList */,
			);
			path = TaskNumber;
			sourceTree = "<group>";
		};
		84C10A072AE77F6300318D3D /* CredentialsList */ = {
			isa = PBXGroup;
			children = (
				84C10A082AE77F8B00318D3D /* CredentialsListView.swift */,
				8448E19C2AEA23E000337070 /* CredentialsListViewMock.swift */,
				8448E19D2AEA23E000337070 /* CredentialsListFeature.swift */,
				8448E19E2AEA23E000337070 /* CredentialsListFeatureMock.swift */,
			);
			path = CredentialsList;
			sourceTree = "<group>";
		};
		84C7731B2AF21C5A0034C498 /* GitBranchName */ = {
			isa = PBXGroup;
			children = (
				84C7731C2AF21C9C0034C498 /* GitBranchNameViewMock.swift */,
				84C7731D2AF21C9C0034C498 /* GitBranchNameView.swift */,
				84C7731E2AF21C9C0034C498 /* GitBranchNameFeature.swift */,
				84C7731F2AF21C9C0034C498 /* GitBranchNameFeatureMock.swift */,
				84C773242AF21D5B0034C498 /* GitBranchType.swift */,
			);
			path = GitBranchName;
			sourceTree = "<group>";
		};
		84EDC3D92AE1024B00463365 /* TaskNumberList */ = {
			isa = PBXGroup;
			children = (
				84EDC3D72AE0FD0400463365 /* TaskNumberListFeature.swift */,
				84EDC3DA2AE14FB600463365 /* TaskNumberListView.swift */,
			);
			path = TaskNumberList;
			sourceTree = "<group>";
		};
		84EDC3DC2AE154A800463365 /* AddTaskNumber */ = {
			isa = PBXGroup;
			children = (
				84EDC3DD2AE154AE00463365 /* AddTaskNumberView.swift */,
			);
			path = AddTaskNumber;
			sourceTree = "<group>";
		};
		84EDC3DF2AE1569900463365 /* CopyTaskNumber */ = {
			isa = PBXGroup;
			children = (
				84EDC3E22AE156EE00463365 /* CopyTaskNumberView.swift */,
			);
			path = CopyTaskNumber;
			sourceTree = "<group>";
		};
/* End PBXGroup section */

/* Begin PBXNativeTarget section */
		8463B2922AD80D7000506657 /* CopyPasteMenuBar */ = {
			isa = PBXNativeTarget;
			buildConfigurationList = 8463B2A42AD80D7100506657 /* Build configuration list for PBXNativeTarget "CopyPasteMenuBar" */;
			buildPhases = (
				8463B28F2AD80D7000506657 /* Sources */,
				8463B2902AD80D7000506657 /* Frameworks */,
				8463B2912AD80D7000506657 /* Resources */,
			);
			buildRules = (
			);
			dependencies = (
			);
			name = CopyPasteMenuBar;
			packageProductDependencies = (
				84EDC3D22AE0EC0B00463365 /* ComposableArchitecture */,
			);
			productName = CopyPasteMenuBar;
			productReference = 8463B2932AD80D7000506657 /* CopyPasteMenuBar.app */;
			productType = "com.apple.product-type.application";
		};
/* End PBXNativeTarget section */

/* Begin PBXProject section */
		8463B28B2AD80D7000506657 /* Project object */ = {
			isa = PBXProject;
			attributes = {
				BuildIndependentTargetsInParallel = 1;
				LastSwiftUpdateCheck = 1510;
				LastUpgradeCheck = 1510;
				TargetAttributes = {
					8463B2922AD80D7000506657 = {
						CreatedOnToolsVersion = 15.1;
					};
				};
			};
			buildConfigurationList = 8463B28E2AD80D7000506657 /* Build configuration list for PBXProject "CopyPasteMenuBar" */;
			compatibilityVersion = "Xcode 14.0";
			developmentRegion = en;
			hasScannedForEncodings = 0;
			knownRegions = (
				en,
				Base,
			);
			mainGroup = 8463B28A2AD80D7000506657;
			packageReferences = (
				84EDC3D12AE0EC0B00463365 /* XCRemoteSwiftPackageReference "swift-composable-architecture" */,
			);
			productRefGroup = 8463B2942AD80D7000506657 /* Products */;
			projectDirPath = "";
			projectRoot = "";
			targets = (
				8463B2922AD80D7000506657 /* CopyPasteMenuBar */,
			);
		};
/* End PBXProject section */

/* Begin PBXResourcesBuildPhase section */
		8463B2912AD80D7000506657 /* Resources */ = {
			isa = PBXResourcesBuildPhase;
			buildActionMask = 2147483647;
			files = (
				8463B2A02AD80D7100506657 /* Preview Assets.xcassets in Resources */,
				8463B29D2AD80D7100506657 /* Assets.xcassets in Resources */,
			);
			runOnlyForDeploymentPostprocessing = 0;
		};
/* End PBXResourcesBuildPhase section */

/* Begin PBXSourcesBuildPhase section */
		8463B28F2AD80D7000506657 /* Sources */ = {
			isa = PBXSourcesBuildPhase;
			buildActionMask = 2147483647;
			files = (
				8449A3822B4C22AE0026C9EB /* PRFeatureMock.swift in Sources */,
				840EA8722B4C41C100958B35 /* SwitchToAnotherTaskFeatureMock.swift in Sources */,
				84C10A092AE77F8B00318D3D /* CredentialsListView.swift in Sources */,
				84EDC3D62AE0F09C00463365 /* AppDelegate.swift in Sources */,
				8449A37F2B4C22AE0026C9EB /* PRViewMock.swift in Sources */,
				8448E1A02AEA23E000337070 /* CredentialsListFeature.swift in Sources */,
				84C773212AF21C9C0034C498 /* GitBranchNameView.swift in Sources */,
				8449A3802B4C22AE0026C9EB /* PRView.swift in Sources */,
				840EA8702B4C41C100958B35 /* SwitchToAnotherTaskView.swift in Sources */,
				84C773222AF21C9C0034C498 /* GitBranchNameFeature.swift in Sources */,
				8463B2992AD80D7000506657 /* ContentView.swift in Sources */,
				84C773252AF21D5B0034C498 /* GitBranchType.swift in Sources */,
				84EDC3DB2AE14FB600463365 /* TaskNumberListView.swift in Sources */,
				8448E1A12AEA23E000337070 /* CredentialsListFeatureMock.swift in Sources */,
				84EDC3DE2AE154AE00463365 /* AddTaskNumberView.swift in Sources */,
				841D8F402AF0CAC700DED04C /* AppStore.swift in Sources */,
				840EA86F2B4C41C100958B35 /* SwitchToAnotherTaskViewMock.swift in Sources */,
				840EA8712B4C41C100958B35 /* SwitchToAnotherTaskFeature.swift in Sources */,
				84C773232AF21C9C0034C498 /* GitBranchNameFeatureMock.swift in Sources */,
				8448E1A82AEA3DBE00337070 /* TextFieldClearButtonModifier.swift in Sources */,
				84EDC3E32AE156EE00463365 /* CopyTaskNumberView.swift in Sources */,
				8448E19F2AEA23E000337070 /* CredentialsListViewMock.swift in Sources */,
				84C773202AF21C9C0034C498 /* GitBranchNameViewMock.swift in Sources */,
				8449A3812B4C22AE0026C9EB /* PRFeature.swift in Sources */,
				8463B2972AD80D7000506657 /* CopyPasteMenuBarApp.swift in Sources */,
				84EDC3D82AE0FD0400463365 /* TaskNumberListFeature.swift in Sources */,
				8448E1A62AEA291E00337070 /* Helpers.swift in Sources */,
			);
			runOnlyForDeploymentPostprocessing = 0;
		};
/* End PBXSourcesBuildPhase section */

/* Begin XCBuildConfiguration section */
		8463B2A22AD80D7100506657 /* Debug */ = {
			isa = XCBuildConfiguration;
			buildSettings = {
				ALWAYS_SEARCH_USER_PATHS = NO;
				ASSETCATALOG_COMPILER_GENERATE_SWIFT_ASSET_SYMBOL_EXTENSIONS = YES;
				CLANG_ANALYZER_NONNULL = YES;
				CLANG_ANALYZER_NUMBER_OBJECT_CONVERSION = YES_AGGRESSIVE;
				CLANG_CXX_LANGUAGE_STANDARD = "gnu++20";
				CLANG_ENABLE_MODULES = YES;
				CLANG_ENABLE_OBJC_ARC = YES;
				CLANG_ENABLE_OBJC_WEAK = YES;
				CLANG_WARN_BLOCK_CAPTURE_AUTORELEASING = YES;
				CLANG_WARN_BOOL_CONVERSION = YES;
				CLANG_WARN_COMMA = YES;
				CLANG_WARN_CONSTANT_CONVERSION = YES;
				CLANG_WARN_DEPRECATED_OBJC_IMPLEMENTATIONS = YES;
				CLANG_WARN_DIRECT_OBJC_ISA_USAGE = YES_ERROR;
				CLANG_WARN_DOCUMENTATION_COMMENTS = YES;
				CLANG_WARN_EMPTY_BODY = YES;
				CLANG_WARN_ENUM_CONVERSION = YES;
				CLANG_WARN_INFINITE_RECURSION = YES;
				CLANG_WARN_INT_CONVERSION = YES;
				CLANG_WARN_NON_LITERAL_NULL_CONVERSION = YES;
				CLANG_WARN_OBJC_IMPLICIT_RETAIN_SELF = YES;
				CLANG_WARN_OBJC_LITERAL_CONVERSION = YES;
				CLANG_WARN_OBJC_ROOT_CLASS = YES_ERROR;
				CLANG_WARN_QUOTED_INCLUDE_IN_FRAMEWORK_HEADER = YES;
				CLANG_WARN_RANGE_LOOP_ANALYSIS = YES;
				CLANG_WARN_STRICT_PROTOTYPES = YES;
				CLANG_WARN_SUSPICIOUS_MOVE = YES;
				CLANG_WARN_UNGUARDED_AVAILABILITY = YES_AGGRESSIVE;
				CLANG_WARN_UNREACHABLE_CODE = YES;
				CLANG_WARN__DUPLICATE_METHOD_MATCH = YES;
				COPY_PHASE_STRIP = NO;
				DEBUG_INFORMATION_FORMAT = dwarf;
				ENABLE_STRICT_OBJC_MSGSEND = YES;
				ENABLE_TESTABILITY = YES;
				ENABLE_USER_SCRIPT_SANDBOXING = YES;
				GCC_C_LANGUAGE_STANDARD = gnu17;
				GCC_DYNAMIC_NO_PIC = NO;
				GCC_NO_COMMON_BLOCKS = YES;
				GCC_OPTIMIZATION_LEVEL = 0;
				GCC_PREPROCESSOR_DEFINITIONS = (
					"DEBUG=1",
					"$(inherited)",
				);
				GCC_WARN_64_TO_32_BIT_CONVERSION = YES;
				GCC_WARN_ABOUT_RETURN_TYPE = YES_ERROR;
				GCC_WARN_UNDECLARED_SELECTOR = YES;
				GCC_WARN_UNINITIALIZED_AUTOS = YES_AGGRESSIVE;
				GCC_WARN_UNUSED_FUNCTION = YES;
				GCC_WARN_UNUSED_VARIABLE = YES;
				LOCALIZATION_PREFERS_STRING_CATALOGS = YES;
				MACOSX_DEPLOYMENT_TARGET = 14.0;
				MTL_ENABLE_DEBUG_INFO = INCLUDE_SOURCE;
				MTL_FAST_MATH = YES;
				ONLY_ACTIVE_ARCH = YES;
				SDKROOT = macosx;
				SWIFT_ACTIVE_COMPILATION_CONDITIONS = "DEBUG $(inherited)";
				SWIFT_OPTIMIZATION_LEVEL = "-Onone";
			};
			name = Debug;
		};
		8463B2A32AD80D7100506657 /* Release */ = {
			isa = XCBuildConfiguration;
			buildSettings = {
				ALWAYS_SEARCH_USER_PATHS = NO;
				ASSETCATALOG_COMPILER_GENERATE_SWIFT_ASSET_SYMBOL_EXTENSIONS = YES;
				CLANG_ANALYZER_NONNULL = YES;
				CLANG_ANALYZER_NUMBER_OBJECT_CONVERSION = YES_AGGRESSIVE;
				CLANG_CXX_LANGUAGE_STANDARD = "gnu++20";
				CLANG_ENABLE_MODULES = YES;
				CLANG_ENABLE_OBJC_ARC = YES;
				CLANG_ENABLE_OBJC_WEAK = YES;
				CLANG_WARN_BLOCK_CAPTURE_AUTORELEASING = YES;
				CLANG_WARN_BOOL_CONVERSION = YES;
				CLANG_WARN_COMMA = YES;
				CLANG_WARN_CONSTANT_CONVERSION = YES;
				CLANG_WARN_DEPRECATED_OBJC_IMPLEMENTATIONS = YES;
				CLANG_WARN_DIRECT_OBJC_ISA_USAGE = YES_ERROR;
				CLANG_WARN_DOCUMENTATION_COMMENTS = YES;
				CLANG_WARN_EMPTY_BODY = YES;
				CLANG_WARN_ENUM_CONVERSION = YES;
				CLANG_WARN_INFINITE_RECURSION = YES;
				CLANG_WARN_INT_CONVERSION = YES;
				CLANG_WARN_NON_LITERAL_NULL_CONVERSION = YES;
				CLANG_WARN_OBJC_IMPLICIT_RETAIN_SELF = YES;
				CLANG_WARN_OBJC_LITERAL_CONVERSION = YES;
				CLANG_WARN_OBJC_ROOT_CLASS = YES_ERROR;
				CLANG_WARN_QUOTED_INCLUDE_IN_FRAMEWORK_HEADER = YES;
				CLANG_WARN_RANGE_LOOP_ANALYSIS = YES;
				CLANG_WARN_STRICT_PROTOTYPES = YES;
				CLANG_WARN_SUSPICIOUS_MOVE = YES;
				CLANG_WARN_UNGUARDED_AVAILABILITY = YES_AGGRESSIVE;
				CLANG_WARN_UNREACHABLE_CODE = YES;
				CLANG_WARN__DUPLICATE_METHOD_MATCH = YES;
				COPY_PHASE_STRIP = NO;
				DEBUG_INFORMATION_FORMAT = "dwarf-with-dsym";
				ENABLE_NS_ASSERTIONS = NO;
				ENABLE_STRICT_OBJC_MSGSEND = YES;
				ENABLE_USER_SCRIPT_SANDBOXING = YES;
				GCC_C_LANGUAGE_STANDARD = gnu17;
				GCC_NO_COMMON_BLOCKS = YES;
				GCC_WARN_64_TO_32_BIT_CONVERSION = YES;
				GCC_WARN_ABOUT_RETURN_TYPE = YES_ERROR;
				GCC_WARN_UNDECLARED_SELECTOR = YES;
				GCC_WARN_UNINITIALIZED_AUTOS = YES_AGGRESSIVE;
				GCC_WARN_UNUSED_FUNCTION = YES;
				GCC_WARN_UNUSED_VARIABLE = YES;
				LOCALIZATION_PREFERS_STRING_CATALOGS = YES;
				MACOSX_DEPLOYMENT_TARGET = 14.0;
				MTL_ENABLE_DEBUG_INFO = NO;
				MTL_FAST_MATH = YES;
				SDKROOT = macosx;
				SWIFT_COMPILATION_MODE = wholemodule;
			};
			name = Release;
		};
		8463B2A52AD80D7100506657 /* Debug */ = {
			isa = XCBuildConfiguration;
			buildSettings = {
				ASSETCATALOG_COMPILER_APPICON_NAME = AppIcon;
				ASSETCATALOG_COMPILER_GLOBAL_ACCENT_COLOR_NAME = AccentColor;
				CODE_SIGN_ENTITLEMENTS = CopyPasteMenuBar/CopyPasteMenuBar.entitlements;
				CODE_SIGN_STYLE = Automatic;
				COMBINE_HIDPI_IMAGES = YES;
				CURRENT_PROJECT_VERSION = 1;
				DEVELOPMENT_ASSET_PATHS = "\"CopyPasteMenuBar/Preview Content\"";
				DEVELOPMENT_TEAM = S37PCWVC2W;
				ENABLE_HARDENED_RUNTIME = YES;
				ENABLE_PREVIEWS = YES;
				GENERATE_INFOPLIST_FILE = YES;
				INFOPLIST_KEY_LSUIElement = YES;
				INFOPLIST_KEY_NSHumanReadableCopyright = "";
				LD_RUNPATH_SEARCH_PATHS = (
					"$(inherited)",
					"@executable_path/../Frameworks",
				);
				MACOSX_DEPLOYMENT_TARGET = 14.0;
				MARKETING_VERSION = 1.0;
				PRODUCT_BUNDLE_IDENTIFIER = com.dmytrochumakov.CopyPasteMenuBar;
				PRODUCT_NAME = "$(TARGET_NAME)";
				SWIFT_EMIT_LOC_STRINGS = YES;
				SWIFT_VERSION = 5.0;
			};
			name = Debug;
		};
		8463B2A62AD80D7100506657 /* Release */ = {
			isa = XCBuildConfiguration;
			buildSettings = {
				ASSETCATALOG_COMPILER_APPICON_NAME = AppIcon;
				ASSETCATALOG_COMPILER_GLOBAL_ACCENT_COLOR_NAME = AccentColor;
				CODE_SIGN_ENTITLEMENTS = CopyPasteMenuBar/CopyPasteMenuBar.entitlements;
				CODE_SIGN_STYLE = Automatic;
				COMBINE_HIDPI_IMAGES = YES;
				CURRENT_PROJECT_VERSION = 1;
				DEVELOPMENT_ASSET_PATHS = "\"CopyPasteMenuBar/Preview Content\"";
				DEVELOPMENT_TEAM = S37PCWVC2W;
				ENABLE_HARDENED_RUNTIME = YES;
				ENABLE_PREVIEWS = YES;
				GENERATE_INFOPLIST_FILE = YES;
				INFOPLIST_KEY_LSUIElement = YES;
				INFOPLIST_KEY_NSHumanReadableCopyright = "";
				LD_RUNPATH_SEARCH_PATHS = (
					"$(inherited)",
					"@executable_path/../Frameworks",
				);
				MACOSX_DEPLOYMENT_TARGET = 14.0;
				MARKETING_VERSION = 1.0;
				PRODUCT_BUNDLE_IDENTIFIER = com.dmytrochumakov.CopyPasteMenuBar;
				PRODUCT_NAME = "$(TARGET_NAME)";
				SWIFT_EMIT_LOC_STRINGS = YES;
				SWIFT_VERSION = 5.0;
			};
			name = Release;
		};
/* End XCBuildConfiguration section */

/* Begin XCConfigurationList section */
		8463B28E2AD80D7000506657 /* Build configuration list for PBXProject "CopyPasteMenuBar" */ = {
			isa = XCConfigurationList;
			buildConfigurations = (
				8463B2A22AD80D7100506657 /* Debug */,
				8463B2A32AD80D7100506657 /* Release */,
			);
			defaultConfigurationIsVisible = 0;
			defaultConfigurationName = Release;
		};
		8463B2A42AD80D7100506657 /* Build configuration list for PBXNativeTarget "CopyPasteMenuBar" */ = {
			isa = XCConfigurationList;
			buildConfigurations = (
				8463B2A52AD80D7100506657 /* Debug */,
				8463B2A62AD80D7100506657 /* Release */,
			);
			defaultConfigurationIsVisible = 0;
			defaultConfigurationName = Release;
		};
/* End XCConfigurationList section */

/* Begin XCRemoteSwiftPackageReference section */
		84EDC3D12AE0EC0B00463365 /* XCRemoteSwiftPackageReference "swift-composable-architecture" */ = {
			isa = XCRemoteSwiftPackageReference;
			repositoryURL = "https://github.com/pointfreeco/swift-composable-architecture";
			requirement = {
				kind = upToNextMinorVersion;
				minimumVersion = 1.6.0;
			};
		};
/* End XCRemoteSwiftPackageReference section */

/* Begin XCSwiftPackageProductDependency section */
		84EDC3D22AE0EC0B00463365 /* ComposableArchitecture */ = {
			isa = XCSwiftPackageProductDependency;
			package = 84EDC3D12AE0EC0B00463365 /* XCRemoteSwiftPackageReference "swift-composable-architecture" */;
			productName = ComposableArchitecture;
		};
/* End XCSwiftPackageProductDependency section */
	};
	rootObject = 8463B28B2AD80D7000506657 /* Project object */;
}
