// !$*UTF8*$!
{
	archiveVersion = 1;
	classes = {
	};
	objectVersion = 56;
	objects = {

/* Begin PBXBuildFile section */
		844A08042B7F7CAA0039CD09 /* Packages in Resources */ = {isa = PBXBuildFile; fileRef = 844A08032B7F7CAA0039CD09 /* Packages */; };
		844A08072B7F7FFC0039CD09 /* Packages in Frameworks */ = {isa = PBXBuildFile; productRef = 844A08062B7F7FFC0039CD09 /* Packages */; };
		8463B2972AD80D7000506657 /* CopyPasteMenuBarApp.swift in Sources */ = {isa = PBXBuildFile; fileRef = 8463B2962AD80D7000506657 /* CopyPasteMenuBarApp.swift */; };
		8463B29D2AD80D7100506657 /* Assets.xcassets in Resources */ = {isa = PBXBuildFile; fileRef = 8463B29C2AD80D7100506657 /* Assets.xcassets */; };
		8463B2A02AD80D7100506657 /* Preview Assets.xcassets in Resources */ = {isa = PBXBuildFile; fileRef = 8463B29F2AD80D7100506657 /* Preview Assets.xcassets */; };
		84EDC3D62AE0F09C00463365 /* AppDelegate.swift in Sources */ = {isa = PBXBuildFile; fileRef = 84EDC3D52AE0F09C00463365 /* AppDelegate.swift */; };
/* End PBXBuildFile section */

/* Begin PBXFileReference section */
		844A08032B7F7CAA0039CD09 /* Packages */ = {isa = PBXFileReference; lastKnownFileType = wrapper; name = Packages; path = ../Packages; sourceTree = "<group>"; };
		8463B2932AD80D7000506657 /* CopyPasteMenuBar.app */ = {isa = PBXFileReference; explicitFileType = wrapper.application; includeInIndex = 0; path = CopyPasteMenuBar.app; sourceTree = BUILT_PRODUCTS_DIR; };
		8463B2962AD80D7000506657 /* CopyPasteMenuBarApp.swift */ = {isa = PBXFileReference; lastKnownFileType = sourcecode.swift; path = CopyPasteMenuBarApp.swift; sourceTree = "<group>"; };
		8463B29C2AD80D7100506657 /* Assets.xcassets */ = {isa = PBXFileReference; lastKnownFileType = folder.assetcatalog; path = Assets.xcassets; sourceTree = "<group>"; };
		8463B29F2AD80D7100506657 /* Preview Assets.xcassets */ = {isa = PBXFileReference; lastKnownFileType = folder.assetcatalog; path = "Preview Assets.xcassets"; sourceTree = "<group>"; };
		8463B2A12AD80D7100506657 /* CopyPasteMenuBar.entitlements */ = {isa = PBXFileReference; lastKnownFileType = text.plist.entitlements; path = CopyPasteMenuBar.entitlements; sourceTree = "<group>"; };
		84EDC3D52AE0F09C00463365 /* AppDelegate.swift */ = {isa = PBXFileReference; lastKnownFileType = sourcecode.swift; path = AppDelegate.swift; sourceTree = "<group>"; };
/* End PBXFileReference section */

/* Begin PBXFrameworksBuildPhase section */
		8463B2902AD80D7000506657 /* Frameworks */ = {
			isa = PBXFrameworksBuildPhase;
			buildActionMask = 2147483647;
			files = (
				844A08072B7F7FFC0039CD09 /* Packages in Frameworks */,
			);
			runOnlyForDeploymentPostprocessing = 0;
		};
/* End PBXFrameworksBuildPhase section */

/* Begin PBXGroup section */
		844A08052B7F7FFC0039CD09 /* Frameworks */ = {
			isa = PBXGroup;
			children = (
			);
			name = Frameworks;
			sourceTree = "<group>";
		};
		8463B28A2AD80D7000506657 = {
			isa = PBXGroup;
			children = (
				844A08032B7F7CAA0039CD09 /* Packages */,
				8463B2952AD80D7000506657 /* CopyPasteMenuBar */,
				8463B2942AD80D7000506657 /* Products */,
				844A08052B7F7FFC0039CD09 /* Frameworks */,
			);
			sourceTree = "<group>";
		};
		8463B2942AD80D7000506657 /* Products */ = {
			isa = PBXGroup;
			children = (
				8463B2932AD80D7000506657 /* CopyPasteMenuBar.app */,
			);
			name = Products;
			sourceTree = "<group>";
		};
		8463B2952AD80D7000506657 /* CopyPasteMenuBar */ = {
			isa = PBXGroup;
			children = (
				8463B2962AD80D7000506657 /* CopyPasteMenuBarApp.swift */,
				8463B29C2AD80D7100506657 /* Assets.xcassets */,
				8463B2A12AD80D7100506657 /* CopyPasteMenuBar.entitlements */,
				8463B29E2AD80D7100506657 /* Preview Content */,
				84EDC3D52AE0F09C00463365 /* AppDelegate.swift */,
			);
			path = CopyPasteMenuBar;
			sourceTree = "<group>";
		};
		8463B29E2AD80D7100506657 /* Preview Content */ = {
			isa = PBXGroup;
			children = (
				8463B29F2AD80D7100506657 /* Preview Assets.xcassets */,
			);
			path = "Preview Content";
			sourceTree = "<group>";
		};
/* End PBXGroup section */

/* Begin PBXNativeTarget section */
		8463B2922AD80D7000506657 /* CopyPasteMenuBar */ = {
			isa = PBXNativeTarget;
			buildConfigurationList = 8463B2A42AD80D7100506657 /* Build configuration list for PBXNativeTarget "CopyPasteMenuBar" */;
			buildPhases = (
				8463B28F2AD80D7000506657 /* Sources */,
				8463B2902AD80D7000506657 /* Frameworks */,
				8463B2912AD80D7000506657 /* Resources */,
			);
			buildRules = (
			);
			dependencies = (
			);
			name = CopyPasteMenuBar;
			packageProductDependencies = (
				844A08062B7F7FFC0039CD09 /* Packages */,
			);
			productName = CopyPasteMenuBar;
			productReference = 8463B2932AD80D7000506657 /* CopyPasteMenuBar.app */;
			productType = "com.apple.product-type.application";
		};
/* End PBXNativeTarget section */

/* Begin PBXProject section */
		8463B28B2AD80D7000506657 /* Project object */ = {
			isa = PBXProject;
			attributes = {
				BuildIndependentTargetsInParallel = 1;
				LastSwiftUpdateCheck = 1510;
				LastUpgradeCheck = 1510;
				TargetAttributes = {
					8463B2922AD80D7000506657 = {
						CreatedOnToolsVersion = 15.1;
					};
				};
			};
			buildConfigurationList = 8463B28E2AD80D7000506657 /* Build configuration list for PBXProject "CopyPasteMenuBar" */;
			compatibilityVersion = "Xcode 14.0";
			developmentRegion = en;
			hasScannedForEncodings = 0;
			knownRegions = (
				en,
				Base,
			);
			mainGroup = 8463B28A2AD80D7000506657;
			packageReferences = (
			);
			productRefGroup = 8463B2942AD80D7000506657 /* Products */;
			projectDirPath = "";
			projectRoot = "";
			targets = (
				8463B2922AD80D7000506657 /* CopyPasteMenuBar */,
			);
		};
/* End PBXProject section */

/* Begin PBXResourcesBuildPhase section */
		8463B2912AD80D7000506657 /* Resources */ = {
			isa = PBXResourcesBuildPhase;
			buildActionMask = 2147483647;
			files = (
				844A08042B7F7CAA0039CD09 /* Packages in Resources */,
				8463B2A02AD80D7100506657 /* Preview Assets.xcassets in Resources */,
				8463B29D2AD80D7100506657 /* Assets.xcassets in Resources */,
			);
			runOnlyForDeploymentPostprocessing = 0;
		};
/* End PBXResourcesBuildPhase section */

/* Begin PBXSourcesBuildPhase section */
		8463B28F2AD80D7000506657 /* Sources */ = {
			isa = PBXSourcesBuildPhase;
			buildActionMask = 2147483647;
			files = (
				84EDC3D62AE0F09C00463365 /* AppDelegate.swift in Sources */,
				8463B2972AD80D7000506657 /* CopyPasteMenuBarApp.swift in Sources */,
			);
			runOnlyForDeploymentPostprocessing = 0;
		};
/* End PBXSourcesBuildPhase section */

/* Begin XCBuildConfiguration section */
		8463B2A22AD80D7100506657 /* Debug */ = {
			isa = XCBuildConfiguration;
			buildSettings = {
				ALWAYS_SEARCH_USER_PATHS = NO;
				ASSETCATALOG_COMPILER_GENERATE_SWIFT_ASSET_SYMBOL_EXTENSIONS = YES;
				CLANG_ANALYZER_NONNULL = YES;
				CLANG_ANALYZER_NUMBER_OBJECT_CONVERSION = YES_AGGRESSIVE;
				CLANG_CXX_LANGUAGE_STANDARD = "gnu++20";
				CLANG_ENABLE_MODULES = YES;
				CLANG_ENABLE_OBJC_ARC = YES;
				CLANG_ENABLE_OBJC_WEAK = YES;
				CLANG_WARN_BLOCK_CAPTURE_AUTORELEASING = YES;
				CLANG_WARN_BOOL_CONVERSION = YES;
				CLANG_WARN_COMMA = YES;
				CLANG_WARN_CONSTANT_CONVERSION = YES;
				CLANG_WARN_DEPRECATED_OBJC_IMPLEMENTATIONS = YES;
				CLANG_WARN_DIRECT_OBJC_ISA_USAGE = YES_ERROR;
				CLANG_WARN_DOCUMENTATION_COMMENTS = YES;
				CLANG_WARN_EMPTY_BODY = YES;
				CLANG_WARN_ENUM_CONVERSION = YES;
				CLANG_WARN_INFINITE_RECURSION = YES;
				CLANG_WARN_INT_CONVERSION = YES;
				CLANG_WARN_NON_LITERAL_NULL_CONVERSION = YES;
				CLANG_WARN_OBJC_IMPLICIT_RETAIN_SELF = YES;
				CLANG_WARN_OBJC_LITERAL_CONVERSION = YES;
				CLANG_WARN_OBJC_ROOT_CLASS = YES_ERROR;
				CLANG_WARN_QUOTED_INCLUDE_IN_FRAMEWORK_HEADER = YES;
				CLANG_WARN_RANGE_LOOP_ANALYSIS = YES;
				CLANG_WARN_STRICT_PROTOTYPES = YES;
				CLANG_WARN_SUSPICIOUS_MOVE = YES;
				CLANG_WARN_UNGUARDED_AVAILABILITY = YES_AGGRESSIVE;
				CLANG_WARN_UNREACHABLE_CODE = YES;
				CLANG_WARN__DUPLICATE_METHOD_MATCH = YES;
				COPY_PHASE_STRIP = NO;
				DEBUG_INFORMATION_FORMAT = dwarf;
				ENABLE_STRICT_OBJC_MSGSEND = YES;
				ENABLE_TESTABILITY = YES;
				ENABLE_USER_SCRIPT_SANDBOXING = YES;
				GCC_C_LANGUAGE_STANDARD = gnu17;
				GCC_DYNAMIC_NO_PIC = NO;
				GCC_NO_COMMON_BLOCKS = YES;
				GCC_OPTIMIZATION_LEVEL = 0;
				GCC_PREPROCESSOR_DEFINITIONS = (
					"DEBUG=1",
					"$(inherited)",
				);
				GCC_WARN_64_TO_32_BIT_CONVERSION = YES;
				GCC_WARN_ABOUT_RETURN_TYPE = YES_ERROR;
				GCC_WARN_UNDECLARED_SELECTOR = YES;
				GCC_WARN_UNINITIALIZED_AUTOS = YES_AGGRESSIVE;
				GCC_WARN_UNUSED_FUNCTION = YES;
				GCC_WARN_UNUSED_VARIABLE = YES;
				LOCALIZATION_PREFERS_STRING_CATALOGS = YES;
				MACOSX_DEPLOYMENT_TARGET = 14.0;
				MTL_ENABLE_DEBUG_INFO = INCLUDE_SOURCE;
				MTL_FAST_MATH = YES;
				ONLY_ACTIVE_ARCH = YES;
				SDKROOT = macosx;
				SWIFT_ACTIVE_COMPILATION_CONDITIONS = "DEBUG $(inherited)";
				SWIFT_OPTIMIZATION_LEVEL = "-Onone";
			};
			name = Debug;
		};
		8463B2A32AD80D7100506657 /* Release */ = {
			isa = XCBuildConfiguration;
			buildSettings = {
				ALWAYS_SEARCH_USER_PATHS = NO;
				ASSETCATALOG_COMPILER_GENERATE_SWIFT_ASSET_SYMBOL_EXTENSIONS = YES;
				CLANG_ANALYZER_NONNULL = YES;
				CLANG_ANALYZER_NUMBER_OBJECT_CONVERSION = YES_AGGRESSIVE;
				CLANG_CXX_LANGUAGE_STANDARD = "gnu++20";
				CLANG_ENABLE_MODULES = YES;
				CLANG_ENABLE_OBJC_ARC = YES;
				CLANG_ENABLE_OBJC_WEAK = YES;
				CLANG_WARN_BLOCK_CAPTURE_AUTORELEASING = YES;
				CLANG_WARN_BOOL_CONVERSION = YES;
				CLANG_WARN_COMMA = YES;
				CLANG_WARN_CONSTANT_CONVERSION = YES;
				CLANG_WARN_DEPRECATED_OBJC_IMPLEMENTATIONS = YES;
				CLANG_WARN_DIRECT_OBJC_ISA_USAGE = YES_ERROR;
				CLANG_WARN_DOCUMENTATION_COMMENTS = YES;
				CLANG_WARN_EMPTY_BODY = YES;
				CLANG_WARN_ENUM_CONVERSION = YES;
				CLANG_WARN_INFINITE_RECURSION = YES;
				CLANG_WARN_INT_CONVERSION = YES;
				CLANG_WARN_NON_LITERAL_NULL_CONVERSION = YES;
				CLANG_WARN_OBJC_IMPLICIT_RETAIN_SELF = YES;
				CLANG_WARN_OBJC_LITERAL_CONVERSION = YES;
				CLANG_WARN_OBJC_ROOT_CLASS = YES_ERROR;
				CLANG_WARN_QUOTED_INCLUDE_IN_FRAMEWORK_HEADER = YES;
				CLANG_WARN_RANGE_LOOP_ANALYSIS = YES;
				CLANG_WARN_STRICT_PROTOTYPES = YES;
				CLANG_WARN_SUSPICIOUS_MOVE = YES;
				CLANG_WARN_UNGUARDED_AVAILABILITY = YES_AGGRESSIVE;
				CLANG_WARN_UNREACHABLE_CODE = YES;
				CLANG_WARN__DUPLICATE_METHOD_MATCH = YES;
				COPY_PHASE_STRIP = NO;
				DEBUG_INFORMATION_FORMAT = "dwarf-with-dsym";
				ENABLE_NS_ASSERTIONS = NO;
				ENABLE_STRICT_OBJC_MSGSEND = YES;
				ENABLE_USER_SCRIPT_SANDBOXING = YES;
				GCC_C_LANGUAGE_STANDARD = gnu17;
				GCC_NO_COMMON_BLOCKS = YES;
				GCC_WARN_64_TO_32_BIT_CONVERSION = YES;
				GCC_WARN_ABOUT_RETURN_TYPE = YES_ERROR;
				GCC_WARN_UNDECLARED_SELECTOR = YES;
				GCC_WARN_UNINITIALIZED_AUTOS = YES_AGGRESSIVE;
				GCC_WARN_UNUSED_FUNCTION = YES;
				GCC_WARN_UNUSED_VARIABLE = YES;
				LOCALIZATION_PREFERS_STRING_CATALOGS = YES;
				MACOSX_DEPLOYMENT_TARGET = 14.0;
				MTL_ENABLE_DEBUG_INFO = NO;
				MTL_FAST_MATH = YES;
				SDKROOT = macosx;
				SWIFT_COMPILATION_MODE = wholemodule;
			};
			name = Release;
		};
		8463B2A52AD80D7100506657 /* Debug */ = {
			isa = XCBuildConfiguration;
			buildSettings = {
				ASSETCATALOG_COMPILER_APPICON_NAME = AppIcon;
				ASSETCATALOG_COMPILER_GLOBAL_ACCENT_COLOR_NAME = AccentColor;
				CODE_SIGN_ENTITLEMENTS = CopyPasteMenuBar/CopyPasteMenuBar.entitlements;
				CODE_SIGN_STYLE = Automatic;
				COMBINE_HIDPI_IMAGES = YES;
				CURRENT_PROJECT_VERSION = 1;
				DEVELOPMENT_ASSET_PATHS = "\"CopyPasteMenuBar/Preview Content\"";
				DEVELOPMENT_TEAM = S37PCWVC2W;
				ENABLE_HARDENED_RUNTIME = YES;
				ENABLE_PREVIEWS = YES;
				GENERATE_INFOPLIST_FILE = YES;
				INFOPLIST_KEY_LSUIElement = YES;
				INFOPLIST_KEY_NSHumanReadableCopyright = "";
				LD_RUNPATH_SEARCH_PATHS = (
					"$(inherited)",
					"@executable_path/../Frameworks",
				);
				MACOSX_DEPLOYMENT_TARGET = 14.0;
				MARKETING_VERSION = 1.0;
				PRODUCT_BUNDLE_IDENTIFIER = com.dmytrochumakov.CopyPasteMenuBar;
				PRODUCT_NAME = "$(TARGET_NAME)";
				SWIFT_EMIT_LOC_STRINGS = YES;
				SWIFT_VERSION = 5.0;
			};
			name = Debug;
		};
		8463B2A62AD80D7100506657 /* Release */ = {
			isa = XCBuildConfiguration;
			buildSettings = {
				ASSETCATALOG_COMPILER_APPICON_NAME = AppIcon;
				ASSETCATALOG_COMPILER_GLOBAL_ACCENT_COLOR_NAME = AccentColor;
				CODE_SIGN_ENTITLEMENTS = CopyPasteMenuBar/CopyPasteMenuBar.entitlements;
				CODE_SIGN_STYLE = Automatic;
				COMBINE_HIDPI_IMAGES = YES;
				CURRENT_PROJECT_VERSION = 1;
				DEVELOPMENT_ASSET_PATHS = "\"CopyPasteMenuBar/Preview Content\"";
				DEVELOPMENT_TEAM = S37PCWVC2W;
				ENABLE_HARDENED_RUNTIME = YES;
				ENABLE_PREVIEWS = YES;
				GENERATE_INFOPLIST_FILE = YES;
				INFOPLIST_KEY_LSUIElement = YES;
				INFOPLIST_KEY_NSHumanReadableCopyright = "";
				LD_RUNPATH_SEARCH_PATHS = (
					"$(inherited)",
					"@executable_path/../Frameworks",
				);
				MACOSX_DEPLOYMENT_TARGET = 14.0;
				MARKETING_VERSION = 1.0;
				PRODUCT_BUNDLE_IDENTIFIER = com.dmytrochumakov.CopyPasteMenuBar;
				PRODUCT_NAME = "$(TARGET_NAME)";
				SWIFT_EMIT_LOC_STRINGS = YES;
				SWIFT_VERSION = 5.0;
			};
			name = Release;
		};
/* End XCBuildConfiguration section */

/* Begin XCConfigurationList section */
		8463B28E2AD80D7000506657 /* Build configuration list for PBXProject "CopyPasteMenuBar" */ = {
			isa = XCConfigurationList;
			buildConfigurations = (
				8463B2A22AD80D7100506657 /* Debug */,
				8463B2A32AD80D7100506657 /* Release */,
			);
			defaultConfigurationIsVisible = 0;
			defaultConfigurationName = Release;
		};
		8463B2A42AD80D7100506657 /* Build configuration list for PBXNativeTarget "CopyPasteMenuBar" */ = {
			isa = XCConfigurationList;
			buildConfigurations = (
				8463B2A52AD80D7100506657 /* Debug */,
				8463B2A62AD80D7100506657 /* Release */,
			);
			defaultConfigurationIsVisible = 0;
			defaultConfigurationName = Release;
		};
/* End XCConfigurationList section */

/* Begin XCSwiftPackageProductDependency section */
		844A08062B7F7FFC0039CD09 /* Packages */ = {
			isa = XCSwiftPackageProductDependency;
			productName = Packages;
		};
/* End XCSwiftPackageProductDependency section */
	};
	rootObject = 8463B28B2AD80D7000506657 /* Project object */;
}
